
Microsoft Visual Studio Solution File, Format Version 12.00
# Visual Studio 15
VisualStudioVersion = 15.0.28307.757
MinimumVisualStudioVersion = 10.0.40219.1
Project("{FAE04EC0-301F-11D3-BF4B-00C04F79EFBC}") = "Rayffer.PersonalPortfolio.Library", "Rayffer.PersonalPortfolio.Library\Rayffer.PersonalPortfolio.Library.csproj", "{E7DD63A2-0DCC-4487-9CD4-22F90AB2E9E6}"
EndProject
Project("{FAE04EC0-301F-11D3-BF4B-00C04F79EFBC}") = "Rayffer.PersonalPortfolio.Extensions", "Rayffer.PersonalPortfolio.Extensions\Rayffer.PersonalPortfolio.Extensions.csproj", "{B3D6378E-B046-4E29-B351-11377CB37EED}"
EndProject
Project("{FAE04EC0-301F-11D3-BF4B-00C04F79EFBC}") = "Rayffer.PersonalPortfolio.Types", "Rayffer.PersonalPortfolio.Types\Rayffer.PersonalPortfolio.Types.csproj", "{BE899210-2F08-41F4-8862-E94DFFBFF8DC}"
EndProject
Project("{FAE04EC0-301F-11D3-BF4B-00C04F79EFBC}") = "Rayffer.PersonalPortfolio.TestLaboratory", "Rayffer.PersonalPortfolio.TestLaboratory\Rayffer.PersonalPortfolio.TestLaboratory.csproj", "{006E2BBE-7C76-45D8-A64D-4EB716815F8D}"
EndProject
Project("{FAE04EC0-301F-11D3-BF4B-00C04F79EFBC}") = "Rayffer.PersonalPortfolio.Generators", "Rayffer.PersonalPortfolio.Generators\Rayffer.PersonalPortfolio.Generators.csproj", "{E22CFD7A-27AC-47D6-9AEA-832B26CEA09A}"
EndProject
Project("{FAE04EC0-301F-11D3-BF4B-00C04F79EFBC}") = "Rayffer.PersonalPortfolio.Providers", "Rayffer.PersonalPortfolio.Providers\Rayffer.PersonalPortfolio.Providers.csproj", "{11A35DD1-B6B5-4CC5-A268-4AC68419C3BA}"
EndProject
Project("{FAE04EC0-301F-11D3-BF4B-00C04F79EFBC}") = "Rayffer.PersonalPortfolio.ServiceClient", "Rayffer.PersonalPortfolio.ServiceClient\Rayffer.PersonalPortfolio.ServiceClient.csproj", "{6E433138-A863-4756-B94C-4F30266B738C}"
EndProject
Project("{FAE04EC0-301F-11D3-BF4B-00C04F79EFBC}") = "Rayffer.PersonalPortfolio.Sorters", "Rayffer.PersonalPortfolio.Sorters\Rayffer.PersonalPortfolio.Sorters.csproj", "{8D295D79-673E-4162-9C3C-23C9AEC78BC5}"
EndProject
Project("{FAE04EC0-301F-11D3-BF4B-00C04F79EFBC}") = "Rayffer.PersonalPortfolio.ConjectureCalculators", "Rayffer.PersonalPortfolio.ConjectureCalculators\Rayffer.PersonalPortfolio.ConjectureCalculators.csproj", "{C76CEE9B-8B38-4974-B428-F300F172B6EB}"
EndProject
Global
	GlobalSection(SolutionConfigurationPlatforms) = preSolution
		Debug|Any CPU = Debug|Any CPU
		Release|Any CPU = Release|Any CPU
	EndGlobalSection
	GlobalSection(ProjectConfigurationPlatforms) = postSolution
		{E7DD63A2-0DCC-4487-9CD4-22F90AB2E9E6}.Debug|Any CPU.ActiveCfg = Debug|Any CPU
		{E7DD63A2-0DCC-4487-9CD4-22F90AB2E9E6}.Debug|Any CPU.Build.0 = Debug|Any CPU
		{E7DD63A2-0DCC-4487-9CD4-22F90AB2E9E6}.Release|Any CPU.ActiveCfg = Release|Any CPU
		{E7DD63A2-0DCC-4487-9CD4-22F90AB2E9E6}.Release|Any CPU.Build.0 = Release|Any CPU
		{B3D6378E-B046-4E29-B351-11377CB37EED}.Debug|Any CPU.ActiveCfg = Debug|Any CPU
		{B3D6378E-B046-4E29-B351-11377CB37EED}.Debug|Any CPU.Build.0 = Debug|Any CPU
		{B3D6378E-B046-4E29-B351-11377CB37EED}.Release|Any CPU.ActiveCfg = Release|Any CPU
		{B3D6378E-B046-4E29-B351-11377CB37EED}.Release|Any CPU.Build.0 = Release|Any CPU
		{BE899210-2F08-41F4-8862-E94DFFBFF8DC}.Debug|Any CPU.ActiveCfg = Debug|Any CPU
		{BE899210-2F08-41F4-8862-E94DFFBFF8DC}.Debug|Any CPU.Build.0 = Debug|Any CPU
		{BE899210-2F08-41F4-8862-E94DFFBFF8DC}.Release|Any CPU.ActiveCfg = Release|Any CPU
		{BE899210-2F08-41F4-8862-E94DFFBFF8DC}.Release|Any CPU.Build.0 = Release|Any CPU
		{006E2BBE-7C76-45D8-A64D-4EB716815F8D}.Debug|Any CPU.ActiveCfg = Debug|Any CPU
		{006E2BBE-7C76-45D8-A64D-4EB716815F8D}.Debug|Any CPU.Build.0 = Debug|Any CPU
		{006E2BBE-7C76-45D8-A64D-4EB716815F8D}.Release|Any CPU.ActiveCfg = Release|Any CPU
		{006E2BBE-7C76-45D8-A64D-4EB716815F8D}.Release|Any CPU.Build.0 = Release|Any CPU
		{E22CFD7A-27AC-47D6-9AEA-832B26CEA09A}.Debug|Any CPU.ActiveCfg = Debug|Any CPU
		{E22CFD7A-27AC-47D6-9AEA-832B26CEA09A}.Debug|Any CPU.Build.0 = Debug|Any CPU
		{E22CFD7A-27AC-47D6-9AEA-832B26CEA09A}.Release|Any CPU.ActiveCfg = Release|Any CPU
		{E22CFD7A-27AC-47D6-9AEA-832B26CEA09A}.Release|Any CPU.Build.0 = Release|Any CPU
		{11A35DD1-B6B5-4CC5-A268-4AC68419C3BA}.Debug|Any CPU.ActiveCfg = Debug|Any CPU
		{11A35DD1-B6B5-4CC5-A268-4AC68419C3BA}.Debug|Any CPU.Build.0 = Debug|Any CPU
		{11A35DD1-B6B5-4CC5-A268-4AC68419C3BA}.Release|Any CPU.ActiveCfg = Release|Any CPU
		{11A35DD1-B6B5-4CC5-A268-4AC68419C3BA}.Release|Any CPU.Build.0 = Release|Any CPU
		{6E433138-A863-4756-B94C-4F30266B738C}.Debug|Any CPU.ActiveCfg = Debug|Any CPU
		{6E433138-A863-4756-B94C-4F30266B738C}.Debug|Any CPU.Build.0 = Debug|Any CPU
		{6E433138-A863-4756-B94C-4F30266B738C}.Release|Any CPU.ActiveCfg = Release|Any CPU
		{6E433138-A863-4756-B94C-4F30266B738C}.Release|Any CPU.Build.0 = Release|Any CPU
		{8D295D79-673E-4162-9C3C-23C9AEC78BC5}.Debug|Any CPU.ActiveCfg = Debug|Any CPU
		{8D295D79-673E-4162-9C3C-23C9AEC78BC5}.Debug|Any CPU.Build.0 = Debug|Any CPU
		{8D295D79-673E-4162-9C3C-23C9AEC78BC5}.Release|Any CPU.ActiveCfg = Release|Any CPU
		{8D295D79-673E-4162-9C3C-23C9AEC78BC5}.Release|Any CPU.Build.0 = Release|Any CPU
		{C76CEE9B-8B38-4974-B428-F300F172B6EB}.Debug|Any CPU.ActiveCfg = Debug|Any CPU
		{C76CEE9B-8B38-4974-B428-F300F172B6EB}.Debug|Any CPU.Build.0 = Debug|Any CPU
		{C76CEE9B-8B38-4974-B428-F300F172B6EB}.Release|Any CPU.ActiveCfg = Release|Any CPU
		{C76CEE9B-8B38-4974-B428-F300F172B6EB}.Release|Any CPU.Build.0 = Release|Any CPU
	EndGlobalSection
	GlobalSection(SolutionProperties) = preSolution
		HideSolutionNode = FALSE
	EndGlobalSection
	GlobalSection(ExtensibilityGlobals) = postSolution
		SolutionGuid = {1532111B-D564-4C75-80F9-AE90D94412A0}
	EndGlobalSection
EndGlobal
