
Microsoft Visual Studio Solution File, Format Version 12.00
# Visual Studio 15
VisualStudioVersion = 15.0.28307.757
MinimumVisualStudioVersion = 10.0.40219.1
Project("{FAE04EC0-301F-11D3-BF4B-00C04F79EFBC}") = "Rayffer.PersonalPortfolio.Library", "Rayffer.PersonalPortfolio.Library\Rayffer.PersonalPortfolio.Library.csproj", "{E7DD63A2-0DCC-4487-9CD4-22F90AB2E9E6}"
EndProject
Project("{FAE04EC0-301F-11D3-BF4B-00C04F79EFBC}") = "Rayffer.PersonalPortfolio.Extensions", "Rayffer.PersonalPortfolio.Extensions\Rayffer.PersonalPortfolio.Extensions.csproj", "{B3D6378E-B046-4E29-B351-11377CB37EED}"
EndProject
Project("{FAE04EC0-301F-11D3-BF4B-00C04F79EFBC}") = "Rayffer.PersonalPortfolio.TestLaboratory", "Rayffer.PersonalPortfolio.TestLaboratory\Rayffer.PersonalPortfolio.TestLaboratory.csproj", "{006E2BBE-7C76-45D8-A64D-4EB716815F8D}"
EndProject
Project("{FAE04EC0-301F-11D3-BF4B-00C04F79EFBC}") = "Rayffer.PersonalPortfolio.Generators", "Rayffer.PersonalPortfolio.Generators\Rayffer.PersonalPortfolio.Generators.csproj", "{E22CFD7A-27AC-47D6-9AEA-832B26CEA09A}"
EndProject
Project("{FAE04EC0-301F-11D3-BF4B-00C04F79EFBC}") = "Rayffer.PersonalPortfolio.Providers", "Rayffer.PersonalPortfolio.Providers\Rayffer.PersonalPortfolio.Providers.csproj", "{11A35DD1-B6B5-4CC5-A268-4AC68419C3BA}"
EndProject
Project("{FAE04EC0-301F-11D3-BF4B-00C04F79EFBC}") = "Rayffer.PersonalPortfolio.Sorters", "Rayffer.PersonalPortfolio.Sorters\Rayffer.PersonalPortfolio.Sorters.csproj", "{8D295D79-673E-4162-9C3C-23C9AEC78BC5}"
EndProject
Project("{FAE04EC0-301F-11D3-BF4B-00C04F79EFBC}") = "Rayffer.PersonalPortfolio.ConjectureCalculators", "Rayffer.PersonalPortfolio.ConjectureCalculators\Rayffer.PersonalPortfolio.ConjectureCalculators.csproj", "{C76CEE9B-8B38-4974-B428-F300F172B6EB}"
EndProject
Project("{FAE04EC0-301F-11D3-BF4B-00C04F79EFBC}") = "Rayffer.PersonalPortfolio.QueueManagers", "Rayffer.PersonalPortfolio.QueueManagers\Rayffer.PersonalPortfolio.QueueManagers.csproj", "{A5F53D07-8EC2-459C-9974-C8339E5A27DA}"
EndProject
Project("{2150E333-8FDC-42A3-9474-1A3956D46DE8}") = "Class Libraries", "Class Libraries", "{93F438BE-503B-48B8-9F7B-E5AB459C1B02}"
EndProject
Project("{2150E333-8FDC-42A3-9474-1A3956D46DE8}") = "Executable projects", "Executable projects", "{6B1E527F-B04B-4221-A58A-3304F9C267F2}"
EndProject
Project("{FAE04EC0-301F-11D3-BF4B-00C04F79EFBC}") = "Rayffer.PersonalPortfolio.HttpRequestViewer", "Rayffer.PersonalPortfolio.HttpRequestViewer\Rayffer.PersonalPortfolio.HttpRequestViewer.csproj", "{F2C35EAD-76B1-4FE2-A1D5-835BDCE87362}"
EndProject
Project("{FAE04EC0-301F-11D3-BF4B-00C04F79EFBC}") = "Rayffer.PersonalPortfolio.UnityFactory", "Rayffer.PersonalPortfolio.UnityFactory\Rayffer.PersonalPortfolio.UnityFactory.csproj", "{8A068AF3-F3BF-441D-96B3-ECEADF207B28}"
EndProject
Global
	GlobalSection(SolutionConfigurationPlatforms) = preSolution
		Debug|Any CPU = Debug|Any CPU
		Release|Any CPU = Release|Any CPU
	EndGlobalSection
	GlobalSection(ProjectConfigurationPlatforms) = postSolution
		{E7DD63A2-0DCC-4487-9CD4-22F90AB2E9E6}.Debug|Any CPU.ActiveCfg = Debug|Any CPU
		{E7DD63A2-0DCC-4487-9CD4-22F90AB2E9E6}.Debug|Any CPU.Build.0 = Debug|Any CPU
		{E7DD63A2-0DCC-4487-9CD4-22F90AB2E9E6}.Release|Any CPU.ActiveCfg = Release|Any CPU
		{E7DD63A2-0DCC-4487-9CD4-22F90AB2E9E6}.Release|Any CPU.Build.0 = Release|Any CPU
		{B3D6378E-B046-4E29-B351-11377CB37EED}.Debug|Any CPU.ActiveCfg = Debug|Any CPU
		{B3D6378E-B046-4E29-B351-11377CB37EED}.Debug|Any CPU.Build.0 = Debug|Any CPU
		{B3D6378E-B046-4E29-B351-11377CB37EED}.Release|Any CPU.ActiveCfg = Release|Any CPU
		{B3D6378E-B046-4E29-B351-11377CB37EED}.Release|Any CPU.Build.0 = Release|Any CPU
		{006E2BBE-7C76-45D8-A64D-4EB716815F8D}.Debug|Any CPU.ActiveCfg = Debug|Any CPU
		{006E2BBE-7C76-45D8-A64D-4EB716815F8D}.Debug|Any CPU.Build.0 = Debug|Any CPU
		{006E2BBE-7C76-45D8-A64D-4EB716815F8D}.Release|Any CPU.ActiveCfg = Release|Any CPU
		{006E2BBE-7C76-45D8-A64D-4EB716815F8D}.Release|Any CPU.Build.0 = Release|Any CPU
		{E22CFD7A-27AC-47D6-9AEA-832B26CEA09A}.Debug|Any CPU.ActiveCfg = Debug|Any CPU
		{E22CFD7A-27AC-47D6-9AEA-832B26CEA09A}.Debug|Any CPU.Build.0 = Debug|Any CPU
		{E22CFD7A-27AC-47D6-9AEA-832B26CEA09A}.Release|Any CPU.ActiveCfg = Release|Any CPU
		{E22CFD7A-27AC-47D6-9AEA-832B26CEA09A}.Release|Any CPU.Build.0 = Release|Any CPU
		{11A35DD1-B6B5-4CC5-A268-4AC68419C3BA}.Debug|Any CPU.ActiveCfg = Debug|Any CPU
		{11A35DD1-B6B5-4CC5-A268-4AC68419C3BA}.Debug|Any CPU.Build.0 = Debug|Any CPU
		{11A35DD1-B6B5-4CC5-A268-4AC68419C3BA}.Release|Any CPU.ActiveCfg = Release|Any CPU
		{11A35DD1-B6B5-4CC5-A268-4AC68419C3BA}.Release|Any CPU.Build.0 = Release|Any CPU
		{8D295D79-673E-4162-9C3C-23C9AEC78BC5}.Debug|Any CPU.ActiveCfg = Debug|Any CPU
		{8D295D79-673E-4162-9C3C-23C9AEC78BC5}.Debug|Any CPU.Build.0 = Debug|Any CPU
		{8D295D79-673E-4162-9C3C-23C9AEC78BC5}.Release|Any CPU.ActiveCfg = Release|Any CPU
		{8D295D79-673E-4162-9C3C-23C9AEC78BC5}.Release|Any CPU.Build.0 = Release|Any CPU
		{C76CEE9B-8B38-4974-B428-F300F172B6EB}.Debug|Any CPU.ActiveCfg = Debug|Any CPU
		{C76CEE9B-8B38-4974-B428-F300F172B6EB}.Debug|Any CPU.Build.0 = Debug|Any CPU
		{C76CEE9B-8B38-4974-B428-F300F172B6EB}.Release|Any CPU.ActiveCfg = Release|Any CPU
		{C76CEE9B-8B38-4974-B428-F300F172B6EB}.Release|Any CPU.Build.0 = Release|Any CPU
		{A5F53D07-8EC2-459C-9974-C8339E5A27DA}.Debug|Any CPU.ActiveCfg = Debug|Any CPU
		{A5F53D07-8EC2-459C-9974-C8339E5A27DA}.Debug|Any CPU.Build.0 = Debug|Any CPU
		{A5F53D07-8EC2-459C-9974-C8339E5A27DA}.Release|Any CPU.ActiveCfg = Release|Any CPU
		{A5F53D07-8EC2-459C-9974-C8339E5A27DA}.Release|Any CPU.Build.0 = Release|Any CPU
		{F2C35EAD-76B1-4FE2-A1D5-835BDCE87362}.Debug|Any CPU.ActiveCfg = Debug|Any CPU
		{F2C35EAD-76B1-4FE2-A1D5-835BDCE87362}.Debug|Any CPU.Build.0 = Debug|Any CPU
		{F2C35EAD-76B1-4FE2-A1D5-835BDCE87362}.Release|Any CPU.ActiveCfg = Release|Any CPU
		{F2C35EAD-76B1-4FE2-A1D5-835BDCE87362}.Release|Any CPU.Build.0 = Release|Any CPU
		{8A068AF3-F3BF-441D-96B3-ECEADF207B28}.Debug|Any CPU.ActiveCfg = Debug|Any CPU
		{8A068AF3-F3BF-441D-96B3-ECEADF207B28}.Debug|Any CPU.Build.0 = Debug|Any CPU
		{8A068AF3-F3BF-441D-96B3-ECEADF207B28}.Release|Any CPU.ActiveCfg = Release|Any CPU
		{8A068AF3-F3BF-441D-96B3-ECEADF207B28}.Release|Any CPU.Build.0 = Release|Any CPU
	EndGlobalSection
	GlobalSection(SolutionProperties) = preSolution
		HideSolutionNode = FALSE
	EndGlobalSection
	GlobalSection(NestedProjects) = preSolution
		{E7DD63A2-0DCC-4487-9CD4-22F90AB2E9E6} = {93F438BE-503B-48B8-9F7B-E5AB459C1B02}
		{B3D6378E-B046-4E29-B351-11377CB37EED} = {93F438BE-503B-48B8-9F7B-E5AB459C1B02}
		{006E2BBE-7C76-45D8-A64D-4EB716815F8D} = {6B1E527F-B04B-4221-A58A-3304F9C267F2}
		{E22CFD7A-27AC-47D6-9AEA-832B26CEA09A} = {93F438BE-503B-48B8-9F7B-E5AB459C1B02}
		{11A35DD1-B6B5-4CC5-A268-4AC68419C3BA} = {93F438BE-503B-48B8-9F7B-E5AB459C1B02}
		{8D295D79-673E-4162-9C3C-23C9AEC78BC5} = {93F438BE-503B-48B8-9F7B-E5AB459C1B02}
		{C76CEE9B-8B38-4974-B428-F300F172B6EB} = {93F438BE-503B-48B8-9F7B-E5AB459C1B02}
		{A5F53D07-8EC2-459C-9974-C8339E5A27DA} = {93F438BE-503B-48B8-9F7B-E5AB459C1B02}
		{F2C35EAD-76B1-4FE2-A1D5-835BDCE87362} = {6B1E527F-B04B-4221-A58A-3304F9C267F2}
		{8A068AF3-F3BF-441D-96B3-ECEADF207B28} = {93F438BE-503B-48B8-9F7B-E5AB459C1B02}
	EndGlobalSection
	GlobalSection(ExtensibilityGlobals) = postSolution
		SolutionGuid = {1532111B-D564-4C75-80F9-AE90D94412A0}
	EndGlobalSection
EndGlobal
